version = 1
revision = 3
requires-python = ">=3.12"

[manifest]
members = [
    "api",
    "protos",
    "uzh-masterproject",
]

[[package]]
name = "api"
version = "0.1.0"
source = { virtual = "packages/api" }
dependencies = [
    { name = "grpcio" },
    { name = "protobuf" },
    { name = "protos" },
]

[package.metadata]
requires-dist = [
    { name = "grpcio", specifier = "==1.71.2" },
    { name = "protobuf", specifier = "==5.29.5" },
    { name = "protos", editable = "packages/protos" },
]

[[package]]
name = "click"
version = "8.2.1"
source = { registry = "https://pypi.org/simple" }
dependencies = [
    { name = "colorama", marker = "sys_platform == 'win32'" },
]
sdist = { url = "https://files.pythonhosted.org/packages/60/6c/8ca2efa64cf75a977a0d7fac081354553ebe483345c734fb6b6515d96bbc/click-8.2.1.tar.gz", hash = "sha256:27c491cc05d968d271d5a1db13e3b5a184636d9d930f148c50b038f0d0646202", size = 286342, upload-time = "2025-05-20T23:19:49.832Z" }
wheels = [
    { url = "https://files.pythonhosted.org/packages/85/32/10bb5764d90a8eee674e9dc6f4db6a0ab47c8c4d0d83c27f7c39ac415a4d/click-8.2.1-py3-none-any.whl", hash = "sha256:61a3265b914e850b85317d0b3109c7f8cd35a670f963866005d6ef1d5175a12b", size = 102215, upload-time = "2025-05-20T23:19:47.796Z" },
]

[[package]]
name = "colorama"
version = "0.4.6"
source = { registry = "https://pypi.org/simple" }
sdist = { url = "https://files.pythonhosted.org/packages/d8/53/6f443c9a4a8358a93a6792e2acffb9d9d5cb0a5cfd8802644b7b1c9a02e4/colorama-0.4.6.tar.gz", hash = "sha256:08695f5cb7ed6e0531a20572697297273c47b8cae5a63ffc6d6ed5c201be6e44", size = 27697, upload-time = "2022-10-25T02:36:22.414Z" }
wheels = [
    { url = "https://files.pythonhosted.org/packages/d1/d6/3965ed04c63042e047cb6a3e6ed1a63a35087b6a609aa3a15ed8ac56c221/colorama-0.4.6-py2.py3-none-any.whl", hash = "sha256:4f1d9991f5acc0ca119f9d443620b77f9d6b33703e51011c16baf57afb285fc6", size = 25335, upload-time = "2022-10-25T02:36:20.889Z" },
]

[[package]]
name = "grpcio"
version = "1.71.2"
source = { registry = "https://pypi.org/simple" }
sdist = { url = "https://files.pythonhosted.org/packages/5b/c5/8ad16eb7062f3d43b1b4e48f725b5ca7bbe5f0fc7ae585fff0568401bc3a/grpcio-1.71.2.tar.gz", hash = "sha256:cc7d02b21b2ec0d2479c2d98a2b9255ee8b32970ede37e42b5b6536a0fb4c47f", size = 12531104, upload-time = "2025-06-28T04:19:49.921Z" }
wheels = [
    { url = "https://files.pythonhosted.org/packages/29/a2/a01b6cfc0b36ff785571a42f3dcc7c80559998fcadd16b5c101a0cdaf0d2/grpcio-1.71.2-cp312-cp312-linux_armv7l.whl", hash = "sha256:d1b0ef55b8abef436b89fa789375365b7101732bfb688fc3904f0c8ac6d7803e", size = 5184044, upload-time = "2025-06-28T04:18:58.119Z" },
    { url = "https://files.pythonhosted.org/packages/e9/16/acebf64a0711bddd403536e3254f9686602c697624cb7ae376faa534f004/grpcio-1.71.2-cp312-cp312-macosx_14_0_arm64.whl", hash = "sha256:0c0ac4e77a38e5ed8026b25870cdc0f7a71aa9354a2353cc90a22a396a150b3c", size = 10309517, upload-time = "2025-06-28T04:18:59.667Z" },
    { url = "https://files.pythonhosted.org/packages/82/ef/832eb985e61469c38a6e81ddc7c7a87242db914ec71b9c581836a5c801d3/grpcio-1.71.2-cp312-cp312-manylinux_2_17_aarch64.whl", hash = "sha256:deb89f8dba8f2fcaec40784d3718dbb4c44f48befbf7d4da6d1b00378e20455b", size = 5587993, upload-time = "2025-06-28T04:19:01.544Z" },
    { url = "https://files.pythonhosted.org/packages/be/18/7959414c59f78b45af3c7b83ca960208b886e5eceec1aed46e1881f9d637/grpcio-1.71.2-cp312-cp312-manylinux_2_17_i686.manylinux2014_i686.whl", hash = "sha256:f5cc3bae2de2289e476c8f1ed5f2c5cd74741a66d92f65016dc19f533acee374", size = 6236013, upload-time = "2025-06-28T04:19:03.518Z" },
    { url = "https://files.pythonhosted.org/packages/90/2d/8745729de179505f68d9fbaae3aa952f588f342faecd50eacc4704d935f1/grpcio-1.71.2-cp312-cp312-manylinux_2_17_x86_64.manylinux2014_x86_64.whl", hash = "sha256:bf224bf8a8d85914f171c4dd028a86325f063e1661f3bef9960f4f73dc8b71d3", size = 5839034, upload-time = "2025-06-28T04:19:04.982Z" },
    { url = "https://files.pythonhosted.org/packages/a8/f5/6ac8e39c398e5e1e0003ba50fc3f6f020d72c2f5372b54f858315dd1297b/grpcio-1.71.2-cp312-cp312-musllinux_1_1_aarch64.whl", hash = "sha256:e06d9e3f9cc7b7860b4d37fb0cb5e7e00071977a73a5b87a4c7da65695c4030f", size = 5935118, upload-time = "2025-06-28T04:19:06.789Z" },
    { url = "https://files.pythonhosted.org/packages/bc/cf/8f5e637cb714fe8c306b12933a4b40e9eb13aaf96bfb886662db3b56ac1b/grpcio-1.71.2-cp312-cp312-musllinux_1_1_i686.whl", hash = "sha256:6ba968281b761c52560af106504a02ff26085ad10e17e8976c047b388df40eae", size = 6560019, upload-time = "2025-06-28T04:19:08.363Z" },
    { url = "https://files.pythonhosted.org/packages/be/6b/a6ae0c16795bc56c3d469e41dacf26d88cbe12b406094af26d3f79ff5201/grpcio-1.71.2-cp312-cp312-musllinux_1_1_x86_64.whl", hash = "sha256:6a169f0f369b28e81d8bde6a1d4283c24d3bde80690ef05b634caaf45577d749", size = 6109409, upload-time = "2025-06-28T04:19:10.061Z" },
    { url = "https://files.pythonhosted.org/packages/87/7e/bdb355b112f0fac5bc61b4918f947ad5d4891e39447e25d221739ab76903/grpcio-1.71.2-cp312-cp312-win32.whl", hash = "sha256:df9ffd8463a2d16b6d1fef7b03035c588fdf0f0a627031e4860cea61f49808ee", size = 3539949, upload-time = "2025-06-28T04:19:11.567Z" },
    { url = "https://files.pythonhosted.org/packages/c3/12/3f503a66fa568b10b43118a0013a1cd2680117192fc0c74342f87a7c29a8/grpcio-1.71.2-cp312-cp312-win_amd64.whl", hash = "sha256:c371287913278170e09ae280d923db0baf3da6989d088dce48e88648c9933c8e", size = 4211254, upload-time = "2025-06-28T04:19:13.077Z" },
    { url = "https://files.pythonhosted.org/packages/af/7c/e472bc20859dac57336dd2bcf878e73c0d1639b3d776dffdb485ac627c51/grpcio-1.71.2-cp313-cp313-linux_armv7l.whl", hash = "sha256:57cbc2fe3c92c8af3f88b49c59317459daef18581768aa5f4cda15b7af4f4812", size = 5184261, upload-time = "2025-06-28T04:19:15.334Z" },
    { url = "https://files.pythonhosted.org/packages/7a/61/a8de01bfff9e4d71a5c5049aa3a77ff04b50db0de6ce668790aee8af69d1/grpcio-1.71.2-cp313-cp313-macosx_10_14_universal2.whl", hash = "sha256:7ec0207c9c4e9e875862d9c135b1bce29e7dec63b3167cd66a0e322e6569d8df", size = 10311688, upload-time = "2025-06-28T04:19:17.137Z" },
    { url = "https://files.pythonhosted.org/packages/c5/e8/bb71c087520fd8f6a276e51cc63b5aba10c4fe5480f411395b6670ac7c36/grpcio-1.71.2-cp313-cp313-manylinux_2_17_aarch64.whl", hash = "sha256:38234521040e154d2bee680f4d20a98d405920f75d616787405f899d3fe5a785", size = 5591377, upload-time = "2025-06-28T04:19:19.143Z" },
    { url = "https://files.pythonhosted.org/packages/f2/c3/26072950d597e5c97214d48dc100dd77805f3c4e5631ef86fa2d27a99eb2/grpcio-1.71.2-cp313-cp313-manylinux_2_17_i686.manylinux2014_i686.whl", hash = "sha256:a2241e16bd4fd64131cfa5c89a1b9d2a84ae18dbc1e8a5817fa355f110de6c12", size = 6242061, upload-time = "2025-06-28T04:19:20.856Z" },
    { url = "https://files.pythonhosted.org/packages/47/29/4e26fa08e75b627b4e7fe24402f343205d4ed2dc6133502e36e286c0f6bb/grpcio-1.71.2-cp313-cp313-manylinux_2_17_x86_64.manylinux2014_x86_64.whl", hash = "sha256:6900598663eeca1a4fe028e346476845eaff54f1797a447ff62fce35ff25ed50", size = 5841164, upload-time = "2025-06-28T04:19:22.333Z" },
    { url = "https://files.pythonhosted.org/packages/22/b9/07c1972df88aae91d70a4ac02ed6a393c1ad907f2f3c1729db1fd2b8e02e/grpcio-1.71.2-cp313-cp313-musllinux_1_1_aarch64.whl", hash = "sha256:c522c59852d6ac4f247e2b5b2c9a6b26e6df6ef084e35faabd00bf545f15027f", size = 5936054, upload-time = "2025-06-28T04:19:24.613Z" },
    { url = "https://files.pythonhosted.org/packages/5b/06/a4123bd0e0b964652c5693654485c4f46a16d085cf6ceade790f3e5bfb07/grpcio-1.71.2-cp313-cp313-musllinux_1_1_i686.whl", hash = "sha256:4db58304bdad40ae3c736a5c6850d045be17b9403255cf483f1673a6cd17b16f", size = 6565776, upload-time = "2025-06-28T04:19:26.26Z" },
    { url = "https://files.pythonhosted.org/packages/69/b8/437c4e6e60eab50d60c340d8386d789cc37ead4ebfba69fc034b53482605/grpcio-1.71.2-cp313-cp313-musllinux_1_1_x86_64.whl", hash = "sha256:ef09b5f8539a2118391cd8f9fc9982c8f0b4e494f9417cdb537f7b577bcdf422", size = 6112460, upload-time = "2025-06-28T04:19:27.918Z" },
    { url = "https://files.pythonhosted.org/packages/ea/50/d95b6b0c9aff4c0f9c4d5cc34759637d623487a7aaa3710fc492b5a00efa/grpcio-1.71.2-cp313-cp313-win32.whl", hash = "sha256:bb93c29311ecca4e6d0d4148a84ec18ad7efa604e814d80d232659f031871eba", size = 3539553, upload-time = "2025-06-28T04:19:29.36Z" },
    { url = "https://files.pythonhosted.org/packages/a0/63/8de0b14892c07aad98f61bf140ff95c5f51086e058ae6da40599d60f0a04/grpcio-1.71.2-cp313-cp313-win_amd64.whl", hash = "sha256:54a9bdd5f94ce1512e3cc37f2f84a776cfbaa07222764129ebc2a54f803ebd70", size = 4211232, upload-time = "2025-06-28T04:19:30.95Z" },
]

[[package]]
name = "grpcio-tools"
version = "1.71.2"
source = { registry = "https://pypi.org/simple" }
dependencies = [
    { name = "grpcio" },
    { name = "protobuf" },
    { name = "setuptools" },
]
sdist = { url = "https://files.pythonhosted.org/packages/ad/9a/edfefb47f11ef6b0f39eea4d8f022c5bb05ac1d14fcc7058e84a51305b73/grpcio_tools-1.71.2.tar.gz", hash = "sha256:b5304d65c7569b21270b568e404a5a843cf027c66552a6a0978b23f137679c09", size = 5330655, upload-time = "2025-06-28T04:22:00.308Z" }
wheels = [
    { url = "https://files.pythonhosted.org/packages/9c/d3/3ed30a9c5b2424627b4b8411e2cd6a1a3f997d3812dbc6a8630a78bcfe26/grpcio_tools-1.71.2-cp312-cp312-linux_armv7l.whl", hash = "sha256:bfc0b5d289e383bc7d317f0e64c9dfb59dc4bef078ecd23afa1a816358fb1473", size = 2385479, upload-time = "2025-06-28T04:21:10.413Z" },
    { url = "https://files.pythonhosted.org/packages/54/61/e0b7295456c7e21ef777eae60403c06835160c8d0e1e58ebfc7d024c51d3/grpcio_tools-1.71.2-cp312-cp312-macosx_14_0_arm64.whl", hash = "sha256:b4669827716355fa913b1376b1b985855d5cfdb63443f8d18faf210180199006", size = 5431521, upload-time = "2025-06-28T04:21:12.261Z" },
    { url = "https://files.pythonhosted.org/packages/75/d7/7bcad6bcc5f5b7fab53e6bce5db87041f38ef3e740b1ec2d8c49534fa286/grpcio_tools-1.71.2-cp312-cp312-manylinux_2_17_aarch64.whl", hash = "sha256:d4071f9b44564e3f75cdf0f05b10b3e8c7ea0ca5220acbf4dc50b148552eef2f", size = 2350289, upload-time = "2025-06-28T04:21:13.625Z" },
    { url = "https://files.pythonhosted.org/packages/b2/8a/e4c1c4cb8c9ff7f50b7b2bba94abe8d1e98ea05f52a5db476e7f1c1a3c70/grpcio_tools-1.71.2-cp312-cp312-manylinux_2_17_i686.manylinux2014_i686.whl", hash = "sha256:a28eda8137d587eb30081384c256f5e5de7feda34776f89848b846da64e4be35", size = 2743321, upload-time = "2025-06-28T04:21:15.007Z" },
    { url = "https://files.pythonhosted.org/packages/fd/aa/95bc77fda5c2d56fb4a318c1b22bdba8914d5d84602525c99047114de531/grpcio_tools-1.71.2-cp312-cp312-manylinux_2_17_x86_64.manylinux2014_x86_64.whl", hash = "sha256:b19c083198f5eb15cc69c0a2f2c415540cbc636bfe76cea268e5894f34023b40", size = 2474005, upload-time = "2025-06-28T04:21:16.443Z" },
    { url = "https://files.pythonhosted.org/packages/c9/ff/ca11f930fe1daa799ee0ce1ac9630d58a3a3deed3dd2f465edb9a32f299d/grpcio_tools-1.71.2-cp312-cp312-musllinux_1_1_aarch64.whl", hash = "sha256:784c284acda0d925052be19053d35afbf78300f4d025836d424cf632404f676a", size = 2851559, upload-time = "2025-06-28T04:21:18.139Z" },
    { url = "https://files.pythonhosted.org/packages/64/10/c6fc97914c7e19c9bb061722e55052fa3f575165da9f6510e2038d6e8643/grpcio_tools-1.71.2-cp312-cp312-musllinux_1_1_i686.whl", hash = "sha256:381e684d29a5d052194e095546eef067201f5af30fd99b07b5d94766f44bf1ae", size = 3300622, upload-time = "2025-06-28T04:21:20.291Z" },
    { url = "https://files.pythonhosted.org/packages/e5/d6/965f36cfc367c276799b730d5dd1311b90a54a33726e561393b808339b04/grpcio_tools-1.71.2-cp312-cp312-musllinux_1_1_x86_64.whl", hash = "sha256:3e4b4801fabd0427fc61d50d09588a01b1cfab0ec5e8a5f5d515fbdd0891fd11", size = 2913863, upload-time = "2025-06-28T04:21:22.196Z" },
    { url = "https://files.pythonhosted.org/packages/8d/f0/c05d5c3d0c1d79ac87df964e9d36f1e3a77b60d948af65bec35d3e5c75a3/grpcio_tools-1.71.2-cp312-cp312-win32.whl", hash = "sha256:84ad86332c44572305138eafa4cc30040c9a5e81826993eae8227863b700b490", size = 945744, upload-time = "2025-06-28T04:21:23.463Z" },
    { url = "https://files.pythonhosted.org/packages/e2/e9/c84c1078f0b7af7d8a40f5214a9bdd8d2a567ad6c09975e6e2613a08d29d/grpcio_tools-1.71.2-cp312-cp312-win_amd64.whl", hash = "sha256:8e1108d37eecc73b1c4a27350a6ed921b5dda25091700c1da17cfe30761cd462", size = 1117695, upload-time = "2025-06-28T04:21:25.22Z" },
    { url = "https://files.pythonhosted.org/packages/60/9c/bdf9c5055a1ad0a09123402d73ecad3629f75b9cf97828d547173b328891/grpcio_tools-1.71.2-cp313-cp313-linux_armv7l.whl", hash = "sha256:b0f0a8611614949c906e25c225e3360551b488d10a366c96d89856bcef09f729", size = 2384758, upload-time = "2025-06-28T04:21:26.712Z" },
    { url = "https://files.pythonhosted.org/packages/49/d0/6aaee4940a8fb8269c13719f56d69c8d39569bee272924086aef81616d4a/grpcio_tools-1.71.2-cp313-cp313-macosx_10_14_universal2.whl", hash = "sha256:7931783ea7ac42ac57f94c5047d00a504f72fbd96118bf7df911bb0e0435fc0f", size = 5443127, upload-time = "2025-06-28T04:21:28.383Z" },
    { url = "https://files.pythonhosted.org/packages/d9/11/50a471dcf301b89c0ed5ab92c533baced5bd8f796abfd133bbfadf6b60e5/grpcio_tools-1.71.2-cp313-cp313-manylinux_2_17_aarch64.whl", hash = "sha256:d188dc28e069aa96bb48cb11b1338e47ebdf2e2306afa58a8162cc210172d7a8", size = 2349627, upload-time = "2025-06-28T04:21:30.254Z" },
    { url = "https://files.pythonhosted.org/packages/bb/66/e3dc58362a9c4c2fbe98a7ceb7e252385777ebb2bbc7f42d5ab138d07ace/grpcio_tools-1.71.2-cp313-cp313-manylinux_2_17_i686.manylinux2014_i686.whl", hash = "sha256:f36c4b3cc42ad6ef67430639174aaf4a862d236c03c4552c4521501422bfaa26", size = 2742932, upload-time = "2025-06-28T04:21:32.325Z" },
    { url = "https://files.pythonhosted.org/packages/b7/1e/1e07a07ed8651a2aa9f56095411198385a04a628beba796f36d98a5a03ec/grpcio_tools-1.71.2-cp313-cp313-manylinux_2_17_x86_64.manylinux2014_x86_64.whl", hash = "sha256:4bd9ed12ce93b310f0cef304176049d0bc3b9f825e9c8c6a23e35867fed6affd", size = 2473627, upload-time = "2025-06-28T04:21:33.752Z" },
    { url = "https://files.pythonhosted.org/packages/d3/f9/3b7b32e4acb419f3a0b4d381bc114fe6cd48e3b778e81273fc9e4748caad/grpcio_tools-1.71.2-cp313-cp313-musllinux_1_1_aarch64.whl", hash = "sha256:7ce27e76dd61011182d39abca38bae55d8a277e9b7fe30f6d5466255baccb579", size = 2850879, upload-time = "2025-06-28T04:21:35.241Z" },
    { url = "https://files.pythonhosted.org/packages/1e/99/cd9e1acd84315ce05ad1fcdfabf73b7df43807cf00c3b781db372d92b899/grpcio_tools-1.71.2-cp313-cp313-musllinux_1_1_i686.whl", hash = "sha256:dcc17bf59b85c3676818f2219deacac0156492f32ca165e048427d2d3e6e1157", size = 3300216, upload-time = "2025-06-28T04:21:36.826Z" },
    { url = "https://files.pythonhosted.org/packages/9f/c0/66eab57b14550c5b22404dbf60635c9e33efa003bd747211981a9859b94b/grpcio_tools-1.71.2-cp313-cp313-musllinux_1_1_x86_64.whl", hash = "sha256:706360c71bdd722682927a1fb517c276ccb816f1e30cb71f33553e5817dc4031", size = 2913521, upload-time = "2025-06-28T04:21:38.347Z" },
    { url = "https://files.pythonhosted.org/packages/05/9b/7c90af8f937d77005625d705ab1160bc42a7e7b021ee5c788192763bccd6/grpcio_tools-1.71.2-cp313-cp313-win32.whl", hash = "sha256:bcf751d5a81c918c26adb2d6abcef71035c77d6eb9dd16afaf176ee096e22c1d", size = 945322, upload-time = "2025-06-28T04:21:39.864Z" },
    { url = "https://files.pythonhosted.org/packages/5f/80/6db6247f767c94fe551761772f89ceea355ff295fd4574cb8efc8b2d1199/grpcio_tools-1.71.2-cp313-cp313-win_amd64.whl", hash = "sha256:b1581a1133552aba96a730178bc44f6f1a071f0eb81c5b6bc4c0f89f5314e2b8", size = 1117234, upload-time = "2025-06-28T04:21:41.893Z" },
]

[[package]]
name = "protobuf"
version = "5.29.5"
source = { registry = "https://pypi.org/simple" }
sdist = { url = "https://files.pythonhosted.org/packages/43/29/d09e70352e4e88c9c7a198d5645d7277811448d76c23b00345670f7c8a38/protobuf-5.29.5.tar.gz", hash = "sha256:bc1463bafd4b0929216c35f437a8e28731a2b7fe3d98bb77a600efced5a15c84", size = 425226, upload-time = "2025-05-28T23:51:59.82Z" }
wheels = [
    { url = "https://files.pythonhosted.org/packages/5f/11/6e40e9fc5bba02988a214c07cf324595789ca7820160bfd1f8be96e48539/protobuf-5.29.5-cp310-abi3-win32.whl", hash = "sha256:3f1c6468a2cfd102ff4703976138844f78ebd1fb45f49011afc5139e9e283079", size = 422963, upload-time = "2025-05-28T23:51:41.204Z" },
    { url = "https://files.pythonhosted.org/packages/81/7f/73cefb093e1a2a7c3ffd839e6f9fcafb7a427d300c7f8aef9c64405d8ac6/protobuf-5.29.5-cp310-abi3-win_amd64.whl", hash = "sha256:3f76e3a3675b4a4d867b52e4a5f5b78a2ef9565549d4037e06cf7b0942b1d3fc", size = 434818, upload-time = "2025-05-28T23:51:44.297Z" },
    { url = "https://files.pythonhosted.org/packages/dd/73/10e1661c21f139f2c6ad9b23040ff36fee624310dc28fba20d33fdae124c/protobuf-5.29.5-cp38-abi3-macosx_10_9_universal2.whl", hash = "sha256:e38c5add5a311f2a6eb0340716ef9b039c1dfa428b28f25a7838ac329204a671", size = 418091, upload-time = "2025-05-28T23:51:45.907Z" },
    { url = "https://files.pythonhosted.org/packages/6c/04/98f6f8cf5b07ab1294c13f34b4e69b3722bb609c5b701d6c169828f9f8aa/protobuf-5.29.5-cp38-abi3-manylinux2014_aarch64.whl", hash = "sha256:fa18533a299d7ab6c55a238bf8629311439995f2e7eca5caaff08663606e9015", size = 319824, upload-time = "2025-05-28T23:51:47.545Z" },
    { url = "https://files.pythonhosted.org/packages/85/e4/07c80521879c2d15f321465ac24c70efe2381378c00bf5e56a0f4fbac8cd/protobuf-5.29.5-cp38-abi3-manylinux2014_x86_64.whl", hash = "sha256:63848923da3325e1bf7e9003d680ce6e14b07e55d0473253a690c3a8b8fd6e61", size = 319942, upload-time = "2025-05-28T23:51:49.11Z" },
    { url = "https://files.pythonhosted.org/packages/7e/cc/7e77861000a0691aeea8f4566e5d3aa716f2b1dece4a24439437e41d3d25/protobuf-5.29.5-py3-none-any.whl", hash = "sha256:6cf42630262c59b2d8de33954443d94b746c952b01434fc58a417fdbd2e84bd5", size = 172823, upload-time = "2025-05-28T23:51:58.157Z" },
]

[[package]]
name = "protoletariat"
version = "3.3.10"
source = { registry = "https://pypi.org/simple" }
dependencies = [
    { name = "click" },
    { name = "protobuf" },
]
sdist = { url = "https://files.pythonhosted.org/packages/36/60/31c8dac4e060bce3f102195409128838fc5830e4e589f7962eb7531b4a27/protoletariat-3.3.10.tar.gz", hash = "sha256:bfa0e663fe4c9e3584101779b8b9f5a77b8af623aa25f680e0559b7d2609039b", size = 20694, upload-time = "2025-03-19T22:39:15.043Z" }
wheels = [
    { url = "https://files.pythonhosted.org/packages/30/6b/d8b8fb09a31f85685d41f63d0d4a807c14aca175c71e17bebcfbf5dc768a/protoletariat-3.3.10-py3-none-any.whl", hash = "sha256:4b0ab790a1791613d9ef1c4159e03424a7f056592ca66578ba585ae96686ee2d", size = 20736, upload-time = "2025-03-19T22:39:13.679Z" },
]

[[package]]
name = "protos"
version = "0.1.0"
source = { editable = "packages/protos" }
dependencies = [
    { name = "grpcio" },
    { name = "protobuf" },
]

[package.dev-dependencies]
dev = [
    { name = "grpcio-tools" },
    { name = "protoletariat" },
]

[package.metadata]
requires-dist = [
    { name = "grpcio", specifier = "==1.71.2" },
    { name = "protobuf", specifier = "==5.29.5" },
]

[package.metadata.requires-dev]
dev = [
    { name = "grpcio-tools", specifier = "==1.71.2" },
    { name = "protoletariat", specifier = ">=3.3.10" },
]

[[package]]
name = "ruff"
version = "0.12.8"
source = { registry = "https://pypi.org/simple" }
sdist = { url = "https://files.pythonhosted.org/packages/4b/da/5bd7565be729e86e1442dad2c9a364ceeff82227c2dece7c29697a9795eb/ruff-0.12.8.tar.gz", hash = "sha256:4cb3a45525176e1009b2b64126acf5f9444ea59066262791febf55e40493a033", size = 5242373, upload-time = "2025-08-07T19:05:47.268Z" }
wheels = [
    { url = "https://files.pythonhosted.org/packages/c9/1e/c843bfa8ad1114fab3eb2b78235dda76acd66384c663a4e0415ecc13aa1e/ruff-0.12.8-py3-none-linux_armv6l.whl", hash = "sha256:63cb5a5e933fc913e5823a0dfdc3c99add73f52d139d6cd5cc8639d0e0465513", size = 11675315, upload-time = "2025-08-07T19:05:06.15Z" },
    { url = "https://files.pythonhosted.org/packages/24/ee/af6e5c2a8ca3a81676d5480a1025494fd104b8896266502bb4de2a0e8388/ruff-0.12.8-py3-none-macosx_10_12_x86_64.whl", hash = "sha256:9a9bbe28f9f551accf84a24c366c1aa8774d6748438b47174f8e8565ab9dedbc", size = 12456653, upload-time = "2025-08-07T19:05:09.759Z" },
    { url = "https://files.pythonhosted.org/packages/99/9d/e91f84dfe3866fa648c10512904991ecc326fd0b66578b324ee6ecb8f725/ruff-0.12.8-py3-none-macosx_11_0_arm64.whl", hash = "sha256:2fae54e752a3150f7ee0e09bce2e133caf10ce9d971510a9b925392dc98d2fec", size = 11659690, upload-time = "2025-08-07T19:05:12.551Z" },
    { url = "https://files.pythonhosted.org/packages/fe/ac/a363d25ec53040408ebdd4efcee929d48547665858ede0505d1d8041b2e5/ruff-0.12.8-py3-none-manylinux_2_17_aarch64.manylinux2014_aarch64.whl", hash = "sha256:c0acbcf01206df963d9331b5838fb31f3b44fa979ee7fa368b9b9057d89f4a53", size = 11896923, upload-time = "2025-08-07T19:05:14.821Z" },
    { url = "https://files.pythonhosted.org/packages/58/9f/ea356cd87c395f6ade9bb81365bd909ff60860975ca1bc39f0e59de3da37/ruff-0.12.8-py3-none-manylinux_2_17_armv7l.manylinux2014_armv7l.whl", hash = "sha256:ae3e7504666ad4c62f9ac8eedb52a93f9ebdeb34742b8b71cd3cccd24912719f", size = 11477612, upload-time = "2025-08-07T19:05:16.712Z" },
    { url = "https://files.pythonhosted.org/packages/1a/46/92e8fa3c9dcfd49175225c09053916cb97bb7204f9f899c2f2baca69e450/ruff-0.12.8-py3-none-manylinux_2_17_i686.manylinux2014_i686.whl", hash = "sha256:cb82efb5d35d07497813a1c5647867390a7d83304562607f3579602fa3d7d46f", size = 13182745, upload-time = "2025-08-07T19:05:18.709Z" },
    { url = "https://files.pythonhosted.org/packages/5e/c4/f2176a310f26e6160deaf661ef60db6c3bb62b7a35e57ae28f27a09a7d63/ruff-0.12.8-py3-none-manylinux_2_17_ppc64.manylinux2014_ppc64.whl", hash = "sha256:dbea798fc0065ad0b84a2947b0aff4233f0cb30f226f00a2c5850ca4393de609", size = 14206885, upload-time = "2025-08-07T19:05:21.025Z" },
    { url = "https://files.pythonhosted.org/packages/87/9d/98e162f3eeeb6689acbedbae5050b4b3220754554526c50c292b611d3a63/ruff-0.12.8-py3-none-manylinux_2_17_ppc64le.manylinux2014_ppc64le.whl", hash = "sha256:49ebcaccc2bdad86fd51b7864e3d808aad404aab8df33d469b6e65584656263a", size = 13639381, upload-time = "2025-08-07T19:05:23.423Z" },
    { url = "https://files.pythonhosted.org/packages/81/4e/1b7478b072fcde5161b48f64774d6edd59d6d198e4ba8918d9f4702b8043/ruff-0.12.8-py3-none-manylinux_2_17_s390x.manylinux2014_s390x.whl", hash = "sha256:0ac9c570634b98c71c88cb17badd90f13fc076a472ba6ef1d113d8ed3df109fb", size = 12613271, upload-time = "2025-08-07T19:05:25.507Z" },
    { url = "https://files.pythonhosted.org/packages/e8/67/0c3c9179a3ad19791ef1b8f7138aa27d4578c78700551c60d9260b2c660d/ruff-0.12.8-py3-none-manylinux_2_17_x86_64.manylinux2014_x86_64.whl", hash = "sha256:560e0cd641e45591a3e42cb50ef61ce07162b9c233786663fdce2d8557d99818", size = 12847783, upload-time = "2025-08-07T19:05:28.14Z" },
    { url = "https://files.pythonhosted.org/packages/4e/2a/0b6ac3dd045acf8aa229b12c9c17bb35508191b71a14904baf99573a21bd/ruff-0.12.8-py3-none-musllinux_1_2_aarch64.whl", hash = "sha256:71c83121512e7743fba5a8848c261dcc454cafb3ef2934a43f1b7a4eb5a447ea", size = 11702672, upload-time = "2025-08-07T19:05:30.413Z" },
    { url = "https://files.pythonhosted.org/packages/9d/ee/f9fdc9f341b0430110de8b39a6ee5fa68c5706dc7c0aa940817947d6937e/ruff-0.12.8-py3-none-musllinux_1_2_armv7l.whl", hash = "sha256:de4429ef2ba091ecddedd300f4c3f24bca875d3d8b23340728c3cb0da81072c3", size = 11440626, upload-time = "2025-08-07T19:05:32.492Z" },
    { url = "https://files.pythonhosted.org/packages/89/fb/b3aa2d482d05f44e4d197d1de5e3863feb13067b22c571b9561085c999dc/ruff-0.12.8-py3-none-musllinux_1_2_i686.whl", hash = "sha256:a2cab5f60d5b65b50fba39a8950c8746df1627d54ba1197f970763917184b161", size = 12462162, upload-time = "2025-08-07T19:05:34.449Z" },
    { url = "https://files.pythonhosted.org/packages/18/9f/5c5d93e1d00d854d5013c96e1a92c33b703a0332707a7cdbd0a4880a84fb/ruff-0.12.8-py3-none-musllinux_1_2_x86_64.whl", hash = "sha256:45c32487e14f60b88aad6be9fd5da5093dbefb0e3e1224131cb1d441d7cb7d46", size = 12913212, upload-time = "2025-08-07T19:05:36.541Z" },
    { url = "https://files.pythonhosted.org/packages/71/13/ab9120add1c0e4604c71bfc2e4ef7d63bebece0cfe617013da289539cef8/ruff-0.12.8-py3-none-win32.whl", hash = "sha256:daf3475060a617fd5bc80638aeaf2f5937f10af3ec44464e280a9d2218e720d3", size = 11694382, upload-time = "2025-08-07T19:05:38.468Z" },
    { url = "https://files.pythonhosted.org/packages/f6/dc/a2873b7c5001c62f46266685863bee2888caf469d1edac84bf3242074be2/ruff-0.12.8-py3-none-win_amd64.whl", hash = "sha256:7209531f1a1fcfbe8e46bcd7ab30e2f43604d8ba1c49029bb420b103d0b5f76e", size = 12740482, upload-time = "2025-08-07T19:05:40.391Z" },
    { url = "https://files.pythonhosted.org/packages/cb/5c/799a1efb8b5abab56e8a9f2a0b72d12bd64bb55815e9476c7d0a2887d2f7/ruff-0.12.8-py3-none-win_arm64.whl", hash = "sha256:c90e1a334683ce41b0e7a04f41790c429bf5073b62c1ae701c9dc5b3d14f0749", size = 11884718, upload-time = "2025-08-07T19:05:42.866Z" },
]

[[package]]
name = "setuptools"
version = "80.9.0"
source = { registry = "https://pypi.org/simple" }
sdist = { url = "https://files.pythonhosted.org/packages/18/5d/3bf57dcd21979b887f014ea83c24ae194cfcd12b9e0fda66b957c69d1fca/setuptools-80.9.0.tar.gz", hash = "sha256:f36b47402ecde768dbfafc46e8e4207b4360c654f1f3bb84475f0a28628fb19c", size = 1319958, upload-time = "2025-05-27T00:56:51.443Z" }
wheels = [
    { url = "https://files.pythonhosted.org/packages/a3/dc/17031897dae0efacfea57dfd3a82fdd2a2aeb58e0ff71b77b87e44edc772/setuptools-80.9.0-py3-none-any.whl", hash = "sha256:062d34222ad13e0cc312a4c02d73f059e86a4acbfbdea8f8f76b28c99f306922", size = 1201486, upload-time = "2025-05-27T00:56:49.664Z" },
]

[[package]]
name = "uzh-masterproject"
version = "0.1.0"
source = { virtual = "." }
dependencies = [
    { name = "grpcio" },
    { name = "protobuf" },
]

[package.dev-dependencies]
dev = [
    { name = "ruff" },
]

[package.metadata]
requires-dist = [
    { name = "grpcio", specifier = "==1.71.2" },
    { name = "protobuf", specifier = "==5.29.5" },
]

[package.metadata.requires-dev]
dev = [{ name = "ruff", specifier = ">=0.12.8" }]
